
Microsoft Visual Studio Solution File, Format Version 12.00
# Visual Studio Version 16
VisualStudioVersion = 16.0.30104.148
MinimumVisualStudioVersion = 10.0.40219.1
Project("{9A19103F-16F7-4668-BE54-9A1E7A4F7556}") = "MySearchEngine.WebCrawler", "src\MySearchEngine.WebCrawler\MySearchEngine.WebCrawler.csproj", "{003BB5BC-C431-4E74-A222-79ED121366BC}"
EndProject
Project("{9A19103F-16F7-4668-BE54-9A1E7A4F7556}") = "MySearchEngine.Core", "src\MySearchEngine.Core\MySearchEngine.Core.csproj", "{D7C4FDD4-78F7-40C4-BB85-0BCC1CB1BEC8}"
EndProject
Project("{2150E333-8FDC-42A3-9474-1A3956D46DE8}") = "src", "src", "{7BCAAEA9-86AB-4288-8447-47579BFE55AD}"
EndProject
Project("{2150E333-8FDC-42A3-9474-1A3956D46DE8}") = "test", "test", "{7D0FA138-EF52-4FCB-9C78-E12E62779EFA}"
EndProject
Project("{9A19103F-16F7-4668-BE54-9A1E7A4F7556}") = "MySearchEngine.Core.Tests", "test\MySearchEngine.Core.Tests\MySearchEngine.Core.Tests.csproj", "{C0C23CC9-7C39-410A-A3D7-2E7999B74AFF}"
EndProject
Project("{9A19103F-16F7-4668-BE54-9A1E7A4F7556}") = "MySearchEngine.Repository", "src\MySearchEngine.Repository\MySearchEngine.Repository.csproj", "{84CB4FEF-6BDF-47B0-AED3-D70D5D52853B}"
EndProject
Project("{9A19103F-16F7-4668-BE54-9A1E7A4F7556}") = "MySearchEngine.WebCrawler.Tests", "test\MySearchEngine.WebCrawler.Tests\MySearchEngine.WebCrawler.Tests.csproj", "{9D6D9F6E-A9AA-4BF6-B163-05A596221812}"
EndProject
Global
	GlobalSection(SolutionConfigurationPlatforms) = preSolution
		Debug|Any CPU = Debug|Any CPU
		Release|Any CPU = Release|Any CPU
	EndGlobalSection
	GlobalSection(ProjectConfigurationPlatforms) = postSolution
		{003BB5BC-C431-4E74-A222-79ED121366BC}.Debug|Any CPU.ActiveCfg = Debug|Any CPU
		{003BB5BC-C431-4E74-A222-79ED121366BC}.Debug|Any CPU.Build.0 = Debug|Any CPU
		{003BB5BC-C431-4E74-A222-79ED121366BC}.Release|Any CPU.ActiveCfg = Release|Any CPU
		{003BB5BC-C431-4E74-A222-79ED121366BC}.Release|Any CPU.Build.0 = Release|Any CPU
		{D7C4FDD4-78F7-40C4-BB85-0BCC1CB1BEC8}.Debug|Any CPU.ActiveCfg = Debug|Any CPU
		{D7C4FDD4-78F7-40C4-BB85-0BCC1CB1BEC8}.Debug|Any CPU.Build.0 = Debug|Any CPU
		{D7C4FDD4-78F7-40C4-BB85-0BCC1CB1BEC8}.Release|Any CPU.ActiveCfg = Release|Any CPU
		{D7C4FDD4-78F7-40C4-BB85-0BCC1CB1BEC8}.Release|Any CPU.Build.0 = Release|Any CPU
		{C0C23CC9-7C39-410A-A3D7-2E7999B74AFF}.Debug|Any CPU.ActiveCfg = Debug|Any CPU
		{C0C23CC9-7C39-410A-A3D7-2E7999B74AFF}.Debug|Any CPU.Build.0 = Debug|Any CPU
		{C0C23CC9-7C39-410A-A3D7-2E7999B74AFF}.Release|Any CPU.ActiveCfg = Release|Any CPU
		{C0C23CC9-7C39-410A-A3D7-2E7999B74AFF}.Release|Any CPU.Build.0 = Release|Any CPU
		{84CB4FEF-6BDF-47B0-AED3-D70D5D52853B}.Debug|Any CPU.ActiveCfg = Debug|Any CPU
		{84CB4FEF-6BDF-47B0-AED3-D70D5D52853B}.Debug|Any CPU.Build.0 = Debug|Any CPU
		{84CB4FEF-6BDF-47B0-AED3-D70D5D52853B}.Release|Any CPU.ActiveCfg = Release|Any CPU
		{84CB4FEF-6BDF-47B0-AED3-D70D5D52853B}.Release|Any CPU.Build.0 = Release|Any CPU
		{9D6D9F6E-A9AA-4BF6-B163-05A596221812}.Debug|Any CPU.ActiveCfg = Debug|Any CPU
		{9D6D9F6E-A9AA-4BF6-B163-05A596221812}.Debug|Any CPU.Build.0 = Debug|Any CPU
		{9D6D9F6E-A9AA-4BF6-B163-05A596221812}.Release|Any CPU.ActiveCfg = Release|Any CPU
		{9D6D9F6E-A9AA-4BF6-B163-05A596221812}.Release|Any CPU.Build.0 = Release|Any CPU
	EndGlobalSection
	GlobalSection(SolutionProperties) = preSolution
		HideSolutionNode = FALSE
	EndGlobalSection
	GlobalSection(NestedProjects) = preSolution
		{003BB5BC-C431-4E74-A222-79ED121366BC} = {7BCAAEA9-86AB-4288-8447-47579BFE55AD}
		{D7C4FDD4-78F7-40C4-BB85-0BCC1CB1BEC8} = {7BCAAEA9-86AB-4288-8447-47579BFE55AD}
		{C0C23CC9-7C39-410A-A3D7-2E7999B74AFF} = {7D0FA138-EF52-4FCB-9C78-E12E62779EFA}
		{84CB4FEF-6BDF-47B0-AED3-D70D5D52853B} = {7BCAAEA9-86AB-4288-8447-47579BFE55AD}
		{9D6D9F6E-A9AA-4BF6-B163-05A596221812} = {7D0FA138-EF52-4FCB-9C78-E12E62779EFA}
	EndGlobalSection
	GlobalSection(ExtensibilityGlobals) = postSolution
		SolutionGuid = {0D1257B8-DFCB-4B3B-9E38-06419C1DCCEA}
	EndGlobalSection
EndGlobal
