
Microsoft Visual Studio Solution File, Format Version 12.00
# Visual Studio Version 16
VisualStudioVersion = 16.0.30104.148
MinimumVisualStudioVersion = 10.0.40219.1
Project("{FAE04EC0-301F-11D3-BF4B-00C04F79EFBC}") = "MySearchEngine.WebCrawler", "MySearchEngine.WebCrawler\MySearchEngine.WebCrawler.csproj", "{003BB5BC-C431-4E74-A222-79ED121366BC}"
EndProject
Global
	GlobalSection(SolutionConfigurationPlatforms) = preSolution
		Debug|Any CPU = Debug|Any CPU
		Release|Any CPU = Release|Any CPU
	EndGlobalSection
	GlobalSection(ProjectConfigurationPlatforms) = postSolution
		{003BB5BC-C431-4E74-A222-79ED121366BC}.Debug|Any CPU.ActiveCfg = Debug|Any CPU
		{003BB5BC-C431-4E74-A222-79ED121366BC}.Debug|Any CPU.Build.0 = Debug|Any CPU
		{003BB5BC-C431-4E74-A222-79ED121366BC}.Release|Any CPU.ActiveCfg = Release|Any CPU
		{003BB5BC-C431-4E74-A222-79ED121366BC}.Release|Any CPU.Build.0 = Release|Any CPU
	EndGlobalSection
	GlobalSection(SolutionProperties) = preSolution
		HideSolutionNode = FALSE
	EndGlobalSection
	GlobalSection(ExtensibilityGlobals) = postSolution
		SolutionGuid = {0D1257B8-DFCB-4B3B-9E38-06419C1DCCEA}
	EndGlobalSection
EndGlobal
